# This file is autogenerated, do not edit; changes may be undone by the next 'dep ensure'.


[[projects]]
  branch = "master"
  name = "github.com/gocarina/gocsv"
  packages = ["."]
  revision = "2fc85fcf0c07e8bb9123b2104e84cfc2a5b53724"

[solve-meta]
  analyzer-name = "dep"
  analyzer-version = 1
  inputs-digest = "c63b60246416084d16accd1df90ec1f303f31d14e650ad67f0c895ed8ee6ce13"
  solver-name = "gps-cdcl"
  solver-version = 1
